
Microsoft Visual Studio Solution File, Format Version 12.00
Project("{FAE04EC0-301F-11D3-BF4B-00C04F79EFBC}") = "FileWatcher", "FileWatcher\FileWatcher.csproj", "{5799710F-B3B8-4185-A359-F7C0244A5BE3}"
EndProject
Project("{FAE04EC0-301F-11D3-BF4B-00C04F79EFBC}") = "FileWatcherTest", "FileWatcherTest\FileWatcherTest.csproj", "{E3E36F10-261A-4730-AF2D-4F459A138328}"
EndProject
Global
	GlobalSection(SolutionConfigurationPlatforms) = preSolution
		Debug|Any CPU = Debug|Any CPU
		Release|Any CPU = Release|Any CPU
	EndGlobalSection
	GlobalSection(ProjectConfigurationPlatforms) = postSolution
		{5799710F-B3B8-4185-A359-F7C0244A5BE3}.Debug|Any CPU.ActiveCfg = Debug|Any CPU
		{5799710F-B3B8-4185-A359-F7C0244A5BE3}.Debug|Any CPU.Build.0 = Debug|Any CPU
		{5799710F-B3B8-4185-A359-F7C0244A5BE3}.Release|Any CPU.ActiveCfg = Release|Any CPU
		{5799710F-B3B8-4185-A359-F7C0244A5BE3}.Release|Any CPU.Build.0 = Release|Any CPU
		{E3E36F10-261A-4730-AF2D-4F459A138328}.Debug|Any CPU.ActiveCfg = Debug|Any CPU
		{E3E36F10-261A-4730-AF2D-4F459A138328}.Debug|Any CPU.Build.0 = Debug|Any CPU
		{E3E36F10-261A-4730-AF2D-4F459A138328}.Release|Any CPU.ActiveCfg = Release|Any CPU
		{E3E36F10-261A-4730-AF2D-4F459A138328}.Release|Any CPU.Build.0 = Release|Any CPU
	EndGlobalSection
EndGlobal
